
Microsoft Visual Studio Solution File, Format Version 12.00
# Visual Studio Version 17
VisualStudioVersion = 17.9.34622.214
MinimumVisualStudioVersion = 10.0.40219.1
Project("{9A19103F-16F7-4668-BE54-9A1E7A4F7556}") = "API", "API\API.csproj", "{4C44BC41-F6ED-4313-B236-B094FF70BDF1}"
EndProject
Project("{9A19103F-16F7-4668-BE54-9A1E7A4F7556}") = "Entity", "Entity\Entity.csproj", "{2EF9871D-252B-4B14-B8E7-E65A09E8DE5D}"
EndProject
Project("{9A19103F-16F7-4668-BE54-9A1E7A4F7556}") = "Data", "DATA\Data.csproj", "{2D0C3A1D-3B90-41F4-A5A3-859CD18B2B6E}"
EndProject
Project("{9A19103F-16F7-4668-BE54-9A1E7A4F7556}") = "Business", "Business\Business.csproj", "{6872614D-57FA-44B0-B474-D60D0BEB599F}"
EndProject
Project("{9A19103F-16F7-4668-BE54-9A1E7A4F7556}") = "DTO", "DTO\DTO.csproj", "{E6057DAB-FC99-481F-AC80-BF5B0514CF6A}"
EndProject
Project("{9A19103F-16F7-4668-BE54-9A1E7A4F7556}") = "UI", "UI\UI.csproj", "{D7301E95-ED11-4416-805B-C07149393F1D}"
EndProject
Global
	GlobalSection(SolutionConfigurationPlatforms) = preSolution
		Debug|Any CPU = Debug|Any CPU
		Release|Any CPU = Release|Any CPU
	EndGlobalSection
	GlobalSection(ProjectConfigurationPlatforms) = postSolution
		{4C44BC41-F6ED-4313-B236-B094FF70BDF1}.Debug|Any CPU.ActiveCfg = Debug|Any CPU
		{4C44BC41-F6ED-4313-B236-B094FF70BDF1}.Debug|Any CPU.Build.0 = Debug|Any CPU
		{4C44BC41-F6ED-4313-B236-B094FF70BDF1}.Release|Any CPU.ActiveCfg = Release|Any CPU
		{4C44BC41-F6ED-4313-B236-B094FF70BDF1}.Release|Any CPU.Build.0 = Release|Any CPU
		{2EF9871D-252B-4B14-B8E7-E65A09E8DE5D}.Debug|Any CPU.ActiveCfg = Debug|Any CPU
		{2EF9871D-252B-4B14-B8E7-E65A09E8DE5D}.Debug|Any CPU.Build.0 = Debug|Any CPU
		{2EF9871D-252B-4B14-B8E7-E65A09E8DE5D}.Release|Any CPU.ActiveCfg = Release|Any CPU
		{2EF9871D-252B-4B14-B8E7-E65A09E8DE5D}.Release|Any CPU.Build.0 = Release|Any CPU
		{2D0C3A1D-3B90-41F4-A5A3-859CD18B2B6E}.Debug|Any CPU.ActiveCfg = Debug|Any CPU
		{2D0C3A1D-3B90-41F4-A5A3-859CD18B2B6E}.Debug|Any CPU.Build.0 = Debug|Any CPU
		{2D0C3A1D-3B90-41F4-A5A3-859CD18B2B6E}.Release|Any CPU.ActiveCfg = Release|Any CPU
		{2D0C3A1D-3B90-41F4-A5A3-859CD18B2B6E}.Release|Any CPU.Build.0 = Release|Any CPU
		{6872614D-57FA-44B0-B474-D60D0BEB599F}.Debug|Any CPU.ActiveCfg = Debug|Any CPU
		{6872614D-57FA-44B0-B474-D60D0BEB599F}.Debug|Any CPU.Build.0 = Debug|Any CPU
		{6872614D-57FA-44B0-B474-D60D0BEB599F}.Release|Any CPU.ActiveCfg = Release|Any CPU
		{6872614D-57FA-44B0-B474-D60D0BEB599F}.Release|Any CPU.Build.0 = Release|Any CPU
		{E6057DAB-FC99-481F-AC80-BF5B0514CF6A}.Debug|Any CPU.ActiveCfg = Debug|Any CPU
		{E6057DAB-FC99-481F-AC80-BF5B0514CF6A}.Debug|Any CPU.Build.0 = Debug|Any CPU
		{E6057DAB-FC99-481F-AC80-BF5B0514CF6A}.Release|Any CPU.ActiveCfg = Release|Any CPU
		{E6057DAB-FC99-481F-AC80-BF5B0514CF6A}.Release|Any CPU.Build.0 = Release|Any CPU
		{D7301E95-ED11-4416-805B-C07149393F1D}.Debug|Any CPU.ActiveCfg = Debug|Any CPU
		{D7301E95-ED11-4416-805B-C07149393F1D}.Debug|Any CPU.Build.0 = Debug|Any CPU
		{D7301E95-ED11-4416-805B-C07149393F1D}.Release|Any CPU.ActiveCfg = Release|Any CPU
		{D7301E95-ED11-4416-805B-C07149393F1D}.Release|Any CPU.Build.0 = Release|Any CPU
	EndGlobalSection
	GlobalSection(SolutionProperties) = preSolution
		HideSolutionNode = FALSE
	EndGlobalSection
	GlobalSection(ExtensibilityGlobals) = postSolution
		SolutionGuid = {A142B7E1-8968-4591-AEA2-C1936D40679B}
	EndGlobalSection
EndGlobal
